
Microsoft Visual Studio Solution File, Format Version 12.00
# Visual Studio Version 17
VisualStudioVersion = 17.11.35219.272
MinimumVisualStudioVersion = 10.0.40219.1
Project("{9A19103F-16F7-4668-BE54-9A1E7A4F7556}") = "School Project API", "School Project API.csproj", "{55A6D63E-6DBC-4DC0-8004-6EEADF58B015}"
EndProject
Global
	GlobalSection(SolutionConfigurationPlatforms) = preSolution
		Debug|Any CPU = Debug|Any CPU
		Release|Any CPU = Release|Any CPU
	EndGlobalSection
	GlobalSection(ProjectConfigurationPlatforms) = postSolution
		{55A6D63E-6DBC-4DC0-8004-6EEADF58B015}.Debug|Any CPU.ActiveCfg = Debug|Any CPU
		{55A6D63E-6DBC-4DC0-8004-6EEADF58B015}.Debug|Any CPU.Build.0 = Debug|Any CPU
		{55A6D63E-6DBC-4DC0-8004-6EEADF58B015}.Release|Any CPU.ActiveCfg = Release|Any CPU
		{55A6D63E-6DBC-4DC0-8004-6EEADF58B015}.Release|Any CPU.Build.0 = Release|Any CPU
	EndGlobalSection
	GlobalSection(SolutionProperties) = preSolution
		HideSolutionNode = FALSE
	EndGlobalSection
	GlobalSection(ExtensibilityGlobals) = postSolution
		SolutionGuid = {240F81FB-B456-4833-A05D-370826B96E22}
	EndGlobalSection
EndGlobal
